
Microsoft Visual Studio Solution File, Format Version 11.00
# Visual Studio 2010
Project("{FAE04EC0-301F-11D3-BF4B-00C04F79EFBC}") = "Assembly-CSharp", "Assembly-CSharp.csproj", "{FCE3C2BE-CFDE-2408-F8E5-DE7884E2DA90}"
EndProject
Project("{FAE04EC0-301F-11D3-BF4B-00C04F79EFBC}") = "Assembly-CSharp-Editor", "Assembly-CSharp-Editor.csproj", "{F813E252-B703-1E56-9E20-3D418D0C32B5}"
EndProject
Global
	GlobalSection(SolutionConfigurationPlatforms) = preSolution
		Debug|Any CPU = Debug|Any CPU
		Release|Any CPU = Release|Any CPU
	EndGlobalSection
	GlobalSection(ProjectConfigurationPlatforms) = postSolution
		{FCE3C2BE-CFDE-2408-F8E5-DE7884E2DA90}.Debug|Any CPU.ActiveCfg = Debug|Any CPU
		{FCE3C2BE-CFDE-2408-F8E5-DE7884E2DA90}.Debug|Any CPU.Build.0 = Debug|Any CPU
		{FCE3C2BE-CFDE-2408-F8E5-DE7884E2DA90}.Release|Any CPU.ActiveCfg = Release|Any CPU
		{FCE3C2BE-CFDE-2408-F8E5-DE7884E2DA90}.Release|Any CPU.Build.0 = Release|Any CPU
		{F813E252-B703-1E56-9E20-3D418D0C32B5}.Debug|Any CPU.ActiveCfg = Debug|Any CPU
		{F813E252-B703-1E56-9E20-3D418D0C32B5}.Debug|Any CPU.Build.0 = Debug|Any CPU
		{F813E252-B703-1E56-9E20-3D418D0C32B5}.Release|Any CPU.ActiveCfg = Release|Any CPU
		{F813E252-B703-1E56-9E20-3D418D0C32B5}.Release|Any CPU.Build.0 = Release|Any CPU
	EndGlobalSection
	GlobalSection(SolutionProperties) = preSolution
		HideSolutionNode = FALSE
	EndGlobalSection
	GlobalSection(MonoDevelopProperties) = preSolution
		StartupItem = Assembly-CSharp.csproj
	EndGlobalSection
EndGlobal
